// !$*UTF8*$!
{
	archiveVersion = 1;
	classes = {
	};
	objectVersion = 56;
	objects = {

/* Begin PBXBuildFile section */
		27EF3AAF2C02749A00DFCC7C /* UsersListApp.swift in Sources */ = {isa = PBXBuildFile; fileRef = 27EF3AAE2C02749A00DFCC7C /* UsersListApp.swift */; };
		27EF3AB12C02749A00DFCC7C /* UserListView.swift in Sources */ = {isa = PBXBuildFile; fileRef = 27EF3AB02C02749A00DFCC7C /* UserListView.swift */; };
		27EF3AB32C02749C00DFCC7C /* Assets.xcassets in Resources */ = {isa = PBXBuildFile; fileRef = 27EF3AB22C02749C00DFCC7C /* Assets.xcassets */; };
		27EF3AB72C02749C00DFCC7C /* Preview Assets.xcassets in Resources */ = {isa = PBXBuildFile; fileRef = 27EF3AB62C02749C00DFCC7C /* Preview Assets.xcassets */; };
		27EF3ADB2C02753600DFCC7C /* User.swift in Sources */ = {isa = PBXBuildFile; fileRef = 27EF3ADA2C02753600DFCC7C /* User.swift */; };
		27EF3ADD2C02754E00DFCC7C /* AppState.swift in Sources */ = {isa = PBXBuildFile; fileRef = 27EF3ADC2C02754E00DFCC7C /* AppState.swift */; };
		27EF3AE12C02758200DFCC7C /* Actions.swift in Sources */ = {isa = PBXBuildFile; fileRef = 27EF3AE02C02758200DFCC7C /* Actions.swift */; };
		27EF3AE42C0275AB00DFCC7C /* appReducer.swift in Sources */ = {isa = PBXBuildFile; fileRef = 27EF3AE32C0275AB00DFCC7C /* appReducer.swift */; };
		27EF3AE62C0275D500DFCC7C /* Store.swift in Sources */ = {isa = PBXBuildFile; fileRef = 27EF3AE52C0275D500DFCC7C /* Store.swift */; };
		27EF3AE92C0275F400DFCC7C /* Repository.swift in Sources */ = {isa = PBXBuildFile; fileRef = 27EF3AE82C0275F400DFCC7C /* Repository.swift */; };
		27EF3AEB2C02761C00DFCC7C /* StoreTests.swift in Sources */ = {isa = PBXBuildFile; fileRef = 27EF3AEA2C02761C00DFCC7C /* StoreTests.swift */; };
		27EF3AED2C02762E00DFCC7C /* UserRepositoryTests.swift in Sources */ = {isa = PBXBuildFile; fileRef = 27EF3AEC2C02762E00DFCC7C /* UserRepositoryTests.swift */; };
		27EF3AEE2C027C4000DFCC7C /* Store.swift in Sources */ = {isa = PBXBuildFile; fileRef = 27EF3AE52C0275D500DFCC7C /* Store.swift */; };
		27EF3AEF2C027C4300DFCC7C /* AppState.swift in Sources */ = {isa = PBXBuildFile; fileRef = 27EF3ADC2C02754E00DFCC7C /* AppState.swift */; };
		27EF3AF02C027C4C00DFCC7C /* appReducer.swift in Sources */ = {isa = PBXBuildFile; fileRef = 27EF3AE32C0275AB00DFCC7C /* appReducer.swift */; };
		27EF3AF12C027CA200DFCC7C /* User.swift in Sources */ = {isa = PBXBuildFile; fileRef = 27EF3ADA2C02753600DFCC7C /* User.swift */; };
		27EF3AF22C027CAB00DFCC7C /* Actions.swift in Sources */ = {isa = PBXBuildFile; fileRef = 27EF3AE02C02758200DFCC7C /* Actions.swift */; };
		27EF3AF32C027CB300DFCC7C /* Repository.swift in Sources */ = {isa = PBXBuildFile; fileRef = 27EF3AE82C0275F400DFCC7C /* Repository.swift */; };
/* End PBXBuildFile section */

/* Begin PBXContainerItemProxy section */
		27EF3ABD2C02749C00DFCC7C /* PBXContainerItemProxy */ = {
			isa = PBXContainerItemProxy;
			containerPortal = 27EF3AA32C02749A00DFCC7C /* Project object */;
			proxyType = 1;
			remoteGlobalIDString = 27EF3AAA2C02749A00DFCC7C;
			remoteInfo = UsersList;
		};
/* End PBXContainerItemProxy section */

/* Begin PBXFileReference section */
		27EF3AAB2C02749A00DFCC7C /* UsersList.app */ = {isa = PBXFileReference; explicitFileType = wrapper.application; includeInIndex = 0; path = UsersList.app; sourceTree = BUILT_PRODUCTS_DIR; };
		27EF3AAE2C02749A00DFCC7C /* UsersListApp.swift */ = {isa = PBXFileReference; lastKnownFileType = sourcecode.swift; path = UsersListApp.swift; sourceTree = "<group>"; };
		27EF3AB02C02749A00DFCC7C /* UserListView.swift */ = {isa = PBXFileReference; lastKnownFileType = sourcecode.swift; path = UserListView.swift; sourceTree = "<group>"; };
		27EF3AB22C02749C00DFCC7C /* Assets.xcassets */ = {isa = PBXFileReference; lastKnownFileType = folder.assetcatalog; path = Assets.xcassets; sourceTree = "<group>"; };
		27EF3AB42C02749C00DFCC7C /* UsersList.entitlements */ = {isa = PBXFileReference; lastKnownFileType = text.plist.entitlements; path = UsersList.entitlements; sourceTree = "<group>"; };
		27EF3AB62C02749C00DFCC7C /* Preview Assets.xcassets */ = {isa = PBXFileReference; lastKnownFileType = folder.assetcatalog; path = "Preview Assets.xcassets"; sourceTree = "<group>"; };
		27EF3ABC2C02749C00DFCC7C /* UsersListTests.xctest */ = {isa = PBXFileReference; explicitFileType = wrapper.cfbundle; includeInIndex = 0; path = UsersListTests.xctest; sourceTree = BUILT_PRODUCTS_DIR; };
		27EF3ADA2C02753600DFCC7C /* User.swift */ = {isa = PBXFileReference; lastKnownFileType = sourcecode.swift; path = User.swift; sourceTree = "<group>"; };
		27EF3ADC2C02754E00DFCC7C /* AppState.swift */ = {isa = PBXFileReference; lastKnownFileType = sourcecode.swift; path = AppState.swift; sourceTree = "<group>"; };
		27EF3AE02C02758200DFCC7C /* Actions.swift */ = {isa = PBXFileReference; lastKnownFileType = sourcecode.swift; path = Actions.swift; sourceTree = "<group>"; };
		27EF3AE32C0275AB00DFCC7C /* appReducer.swift */ = {isa = PBXFileReference; lastKnownFileType = sourcecode.swift; path = appReducer.swift; sourceTree = "<group>"; };
		27EF3AE52C0275D500DFCC7C /* Store.swift */ = {isa = PBXFileReference; lastKnownFileType = sourcecode.swift; path = Store.swift; sourceTree = "<group>"; };
		27EF3AE82C0275F400DFCC7C /* Repository.swift */ = {isa = PBXFileReference; lastKnownFileType = sourcecode.swift; path = Repository.swift; sourceTree = "<group>"; };
		27EF3AEA2C02761C00DFCC7C /* StoreTests.swift */ = {isa = PBXFileReference; lastKnownFileType = sourcecode.swift; path = StoreTests.swift; sourceTree = "<group>"; };
		27EF3AEC2C02762E00DFCC7C /* UserRepositoryTests.swift */ = {isa = PBXFileReference; lastKnownFileType = sourcecode.swift; path = UserRepositoryTests.swift; sourceTree = "<group>"; };
/* End PBXFileReference section */

/* Begin PBXFrameworksBuildPhase section */
		27EF3AA82C02749A00DFCC7C /* Frameworks */ = {
			isa = PBXFrameworksBuildPhase;
			buildActionMask = 2147483647;
			files = (
			);
			runOnlyForDeploymentPostprocessing = 0;
		};
		27EF3AB92C02749C00DFCC7C /* Frameworks */ = {
			isa = PBXFrameworksBuildPhase;
			buildActionMask = 2147483647;
			files = (
			);
			runOnlyForDeploymentPostprocessing = 0;
		};
/* End PBXFrameworksBuildPhase section */

/* Begin PBXGroup section */
		27EF3AA22C02749A00DFCC7C = {
			isa = PBXGroup;
			children = (
				27EF3AAD2C02749A00DFCC7C /* UsersList */,
				27EF3ABF2C02749C00DFCC7C /* UsersListTests */,
				27EF3AAC2C02749A00DFCC7C /* Products */,
			);
			sourceTree = "<group>";
		};
		27EF3AAC2C02749A00DFCC7C /* Products */ = {
			isa = PBXGroup;
			children = (
				27EF3AAB2C02749A00DFCC7C /* UsersList.app */,
				27EF3ABC2C02749C00DFCC7C /* UsersListTests.xctest */,
			);
			name = Products;
			sourceTree = "<group>";
		};
		27EF3AAD2C02749A00DFCC7C /* UsersList */ = {
			isa = PBXGroup;
			children = (
				27EF3AE72C0275E700DFCC7C /* Repository */,
				27EF3AE22C02759A00DFCC7C /* Reducer */,
				27EF3ADF2C02757300DFCC7C /* Action */,
				27EF3ADE2C02756200DFCC7C /* State */,
				27EF3AD92C02752600DFCC7C /* Model */,
				27EF3AAE2C02749A00DFCC7C /* UsersListApp.swift */,
				27EF3AB02C02749A00DFCC7C /* UserListView.swift */,
				27EF3AB22C02749C00DFCC7C /* Assets.xcassets */,
				27EF3AB42C02749C00DFCC7C /* UsersList.entitlements */,
				27EF3AB52C02749C00DFCC7C /* Preview Content */,
			);
			path = UsersList;
			sourceTree = "<group>";
		};
		27EF3AB52C02749C00DFCC7C /* Preview Content */ = {
			isa = PBXGroup;
			children = (
				27EF3AB62C02749C00DFCC7C /* Preview Assets.xcassets */,
			);
			path = "Preview Content";
			sourceTree = "<group>";
		};
		27EF3ABF2C02749C00DFCC7C /* UsersListTests */ = {
			isa = PBXGroup;
			children = (
				27EF3AEA2C02761C00DFCC7C /* StoreTests.swift */,
				27EF3AEC2C02762E00DFCC7C /* UserRepositoryTests.swift */,
			);
			path = UsersListTests;
			sourceTree = "<group>";
		};
		27EF3AD92C02752600DFCC7C /* Model */ = {
			isa = PBXGroup;
			children = (
				27EF3ADA2C02753600DFCC7C /* User.swift */,
			);
			path = Model;
			sourceTree = "<group>";
		};
		27EF3ADE2C02756200DFCC7C /* State */ = {
			isa = PBXGroup;
			children = (
				27EF3ADC2C02754E00DFCC7C /* AppState.swift */,
				27EF3AE52C0275D500DFCC7C /* Store.swift */,
			);
			path = State;
			sourceTree = "<group>";
		};
		27EF3ADF2C02757300DFCC7C /* Action */ = {
			isa = PBXGroup;
			children = (
				27EF3AE02C02758200DFCC7C /* Actions.swift */,
			);
			path = Action;
			sourceTree = "<group>";
		};
		27EF3AE22C02759A00DFCC7C /* Reducer */ = {
			isa = PBXGroup;
			children = (
				27EF3AE32C0275AB00DFCC7C /* appReducer.swift */,
			);
			path = Reducer;
			sourceTree = "<group>";
		};
		27EF3AE72C0275E700DFCC7C /* Repository */ = {
			isa = PBXGroup;
			children = (
				27EF3AE82C0275F400DFCC7C /* Repository.swift */,
			);
			path = Repository;
			sourceTree = "<group>";
		};
/* End PBXGroup section */

/* Begin PBXNativeTarget section */
		27EF3AAA2C02749A00DFCC7C /* UsersList */ = {
			isa = PBXNativeTarget;
			buildConfigurationList = 27EF3AD02C02749C00DFCC7C /* Build configuration list for PBXNativeTarget "UsersList" */;
			buildPhases = (
				27EF3AA72C02749A00DFCC7C /* Sources */,
				27EF3AA82C02749A00DFCC7C /* Frameworks */,
				27EF3AA92C02749A00DFCC7C /* Resources */,
			);
			buildRules = (
			);
			dependencies = (
			);
			name = UsersList;
			productName = UsersList;
			productReference = 27EF3AAB2C02749A00DFCC7C /* UsersList.app */;
			productType = "com.apple.product-type.application";
		};
		27EF3ABB2C02749C00DFCC7C /* UsersListTests */ = {
			isa = PBXNativeTarget;
			buildConfigurationList = 27EF3AD32C02749C00DFCC7C /* Build configuration list for PBXNativeTarget "UsersListTests" */;
			buildPhases = (
				27EF3AB82C02749C00DFCC7C /* Sources */,
				27EF3AB92C02749C00DFCC7C /* Frameworks */,
				27EF3ABA2C02749C00DFCC7C /* Resources */,
			);
			buildRules = (
			);
			dependencies = (
				27EF3ABE2C02749C00DFCC7C /* PBXTargetDependency */,
			);
			name = UsersListTests;
			productName = UsersListTests;
			productReference = 27EF3ABC2C02749C00DFCC7C /* UsersListTests.xctest */;
			productType = "com.apple.product-type.bundle.unit-test";
		};
/* End PBXNativeTarget section */

/* Begin PBXProject section */
		27EF3AA32C02749A00DFCC7C /* Project object */ = {
			isa = PBXProject;
			attributes = {
				BuildIndependentTargetsInParallel = 1;
				LastSwiftUpdateCheck = 1520;
				LastUpgradeCheck = 1520;
				TargetAttributes = {
					27EF3AAA2C02749A00DFCC7C = {
						CreatedOnToolsVersion = 15.2;
					};
					27EF3ABB2C02749C00DFCC7C = {
						CreatedOnToolsVersion = 15.2;
						TestTargetID = 27EF3AAA2C02749A00DFCC7C;
					};
				};
			};
			buildConfigurationList = 27EF3AA62C02749A00DFCC7C /* Build configuration list for PBXProject "UsersList" */;
			compatibilityVersion = "Xcode 14.0";
			developmentRegion = en;
			hasScannedForEncodings = 0;
			knownRegions = (
				en,
				Base,
			);
			mainGroup = 27EF3AA22C02749A00DFCC7C;
			productRefGroup = 27EF3AAC2C02749A00DFCC7C /* Products */;
			projectDirPath = "";
			projectRoot = "";
			targets = (
				27EF3AAA2C02749A00DFCC7C /* UsersList */,
				27EF3ABB2C02749C00DFCC7C /* UsersListTests */,
			);
		};
/* End PBXProject section */

/* Begin PBXResourcesBuildPhase section */
		27EF3AA92C02749A00DFCC7C /* Resources */ = {
			isa = PBXResourcesBuildPhase;
			buildActionMask = 2147483647;
			files = (
				27EF3AB72C02749C00DFCC7C /* Preview Assets.xcassets in Resources */,
				27EF3AB32C02749C00DFCC7C /* Assets.xcassets in Resources */,
			);
			runOnlyForDeploymentPostprocessing = 0;
		};
		27EF3ABA2C02749C00DFCC7C /* Resources */ = {
			isa = PBXResourcesBuildPhase;
			buildActionMask = 2147483647;
			files = (
			);
			runOnlyForDeploymentPostprocessing = 0;
		};
/* End PBXResourcesBuildPhase section */

/* Begin PBXSourcesBuildPhase section */
		27EF3AA72C02749A00DFCC7C /* Sources */ = {
			isa = PBXSourcesBuildPhase;
			buildActionMask = 2147483647;
			files = (
				27EF3AE62C0275D500DFCC7C /* Store.swift in Sources */,
				27EF3AE12C02758200DFCC7C /* Actions.swift in Sources */,
				27EF3AB12C02749A00DFCC7C /* UserListView.swift in Sources */,
				27EF3AE92C0275F400DFCC7C /* Repository.swift in Sources */,
				27EF3AAF2C02749A00DFCC7C /* UsersListApp.swift in Sources */,
				27EF3ADB2C02753600DFCC7C /* User.swift in Sources */,
				27EF3AE42C0275AB00DFCC7C /* appReducer.swift in Sources */,
				27EF3ADD2C02754E00DFCC7C /* AppState.swift in Sources */,
			);
			runOnlyForDeploymentPostprocessing = 0;
		};
		27EF3AB82C02749C00DFCC7C /* Sources */ = {
			isa = PBXSourcesBuildPhase;
			buildActionMask = 2147483647;
			files = (
				27EF3AEE2C027C4000DFCC7C /* Store.swift in Sources */,
				27EF3AED2C02762E00DFCC7C /* UserRepositoryTests.swift in Sources */,
				27EF3AF12C027CA200DFCC7C /* User.swift in Sources */,
				27EF3AF32C027CB300DFCC7C /* Repository.swift in Sources */,
				27EF3AEB2C02761C00DFCC7C /* StoreTests.swift in Sources */,
				27EF3AEF2C027C4300DFCC7C /* AppState.swift in Sources */,
				27EF3AF02C027C4C00DFCC7C /* appReducer.swift in Sources */,
				27EF3AF22C027CAB00DFCC7C /* Actions.swift in Sources */,
			);
			runOnlyForDeploymentPostprocessing = 0;
		};
/* End PBXSourcesBuildPhase section */

/* Begin PBXTargetDependency section */
		27EF3ABE2C02749C00DFCC7C /* PBXTargetDependency */ = {
			isa = PBXTargetDependency;
			target = 27EF3AAA2C02749A00DFCC7C /* UsersList */;
			targetProxy = 27EF3ABD2C02749C00DFCC7C /* PBXContainerItemProxy */;
		};
/* End PBXTargetDependency section */

/* Begin XCBuildConfiguration section */
		27EF3ACE2C02749C00DFCC7C /* Debug */ = {
			isa = XCBuildConfiguration;
			buildSettings = {
				ALWAYS_SEARCH_USER_PATHS = NO;
				ASSETCATALOG_COMPILER_GENERATE_SWIFT_ASSET_SYMBOL_EXTENSIONS = YES;
				CLANG_ANALYZER_NONNULL = YES;
				CLANG_ANALYZER_NUMBER_OBJECT_CONVERSION = YES_AGGRESSIVE;
				CLANG_CXX_LANGUAGE_STANDARD = "gnu++20";
				CLANG_ENABLE_MODULES = YES;
				CLANG_ENABLE_OBJC_ARC = YES;
				CLANG_ENABLE_OBJC_WEAK = YES;
				CLANG_WARN_BLOCK_CAPTURE_AUTORELEASING = YES;
				CLANG_WARN_BOOL_CONVERSION = YES;
				CLANG_WARN_COMMA = YES;
				CLANG_WARN_CONSTANT_CONVERSION = YES;
				CLANG_WARN_DEPRECATED_OBJC_IMPLEMENTATIONS = YES;
				CLANG_WARN_DIRECT_OBJC_ISA_USAGE = YES_ERROR;
				CLANG_WARN_DOCUMENTATION_COMMENTS = YES;
				CLANG_WARN_EMPTY_BODY = YES;
				CLANG_WARN_ENUM_CONVERSION = YES;
				CLANG_WARN_INFINITE_RECURSION = YES;
				CLANG_WARN_INT_CONVERSION = YES;
				CLANG_WARN_NON_LITERAL_NULL_CONVERSION = YES;
				CLANG_WARN_OBJC_IMPLICIT_RETAIN_SELF = YES;
				CLANG_WARN_OBJC_LITERAL_CONVERSION = YES;
				CLANG_WARN_OBJC_ROOT_CLASS = YES_ERROR;
				CLANG_WARN_QUOTED_INCLUDE_IN_FRAMEWORK_HEADER = YES;
				CLANG_WARN_RANGE_LOOP_ANALYSIS = YES;
				CLANG_WARN_STRICT_PROTOTYPES = YES;
				CLANG_WARN_SUSPICIOUS_MOVE = YES;
				CLANG_WARN_UNGUARDED_AVAILABILITY = YES_AGGRESSIVE;
				CLANG_WARN_UNREACHABLE_CODE = YES;
				CLANG_WARN__DUPLICATE_METHOD_MATCH = YES;
				COPY_PHASE_STRIP = NO;
				DEBUG_INFORMATION_FORMAT = dwarf;
				ENABLE_STRICT_OBJC_MSGSEND = YES;
				ENABLE_TESTABILITY = YES;
				ENABLE_USER_SCRIPT_SANDBOXING = YES;
				GCC_C_LANGUAGE_STANDARD = gnu17;
				GCC_DYNAMIC_NO_PIC = NO;
				GCC_NO_COMMON_BLOCKS = YES;
				GCC_OPTIMIZATION_LEVEL = 0;
				GCC_PREPROCESSOR_DEFINITIONS = (
					"DEBUG=1",
					"$(inherited)",
				);
				GCC_WARN_64_TO_32_BIT_CONVERSION = YES;
				GCC_WARN_ABOUT_RETURN_TYPE = YES_ERROR;
				GCC_WARN_UNDECLARED_SELECTOR = YES;
				GCC_WARN_UNINITIALIZED_AUTOS = YES_AGGRESSIVE;
				GCC_WARN_UNUSED_FUNCTION = YES;
				GCC_WARN_UNUSED_VARIABLE = YES;
				LOCALIZATION_PREFERS_STRING_CATALOGS = YES;
				MTL_ENABLE_DEBUG_INFO = INCLUDE_SOURCE;
				MTL_FAST_MATH = YES;
				ONLY_ACTIVE_ARCH = YES;
				SWIFT_ACTIVE_COMPILATION_CONDITIONS = "DEBUG $(inherited)";
				SWIFT_OPTIMIZATION_LEVEL = "-Onone";
			};
			name = Debug;
		};
		27EF3ACF2C02749C00DFCC7C /* Release */ = {
			isa = XCBuildConfiguration;
			buildSettings = {
				ALWAYS_SEARCH_USER_PATHS = NO;
				ASSETCATALOG_COMPILER_GENERATE_SWIFT_ASSET_SYMBOL_EXTENSIONS = YES;
				CLANG_ANALYZER_NONNULL = YES;
				CLANG_ANALYZER_NUMBER_OBJECT_CONVERSION = YES_AGGRESSIVE;
				CLANG_CXX_LANGUAGE_STANDARD = "gnu++20";
				CLANG_ENABLE_MODULES = YES;
				CLANG_ENABLE_OBJC_ARC = YES;
				CLANG_ENABLE_OBJC_WEAK = YES;
				CLANG_WARN_BLOCK_CAPTURE_AUTORELEASING = YES;
				CLANG_WARN_BOOL_CONVERSION = YES;
				CLANG_WARN_COMMA = YES;
				CLANG_WARN_CONSTANT_CONVERSION = YES;
				CLANG_WARN_DEPRECATED_OBJC_IMPLEMENTATIONS = YES;
				CLANG_WARN_DIRECT_OBJC_ISA_USAGE = YES_ERROR;
				CLANG_WARN_DOCUMENTATION_COMMENTS = YES;
				CLANG_WARN_EMPTY_BODY = YES;
				CLANG_WARN_ENUM_CONVERSION = YES;
				CLANG_WARN_INFINITE_RECURSION = YES;
				CLANG_WARN_INT_CONVERSION = YES;
				CLANG_WARN_NON_LITERAL_NULL_CONVERSION = YES;
				CLANG_WARN_OBJC_IMPLICIT_RETAIN_SELF = YES;
				CLANG_WARN_OBJC_LITERAL_CONVERSION = YES;
				CLANG_WARN_OBJC_ROOT_CLASS = YES_ERROR;
				CLANG_WARN_QUOTED_INCLUDE_IN_FRAMEWORK_HEADER = YES;
				CLANG_WARN_RANGE_LOOP_ANALYSIS = YES;
				CLANG_WARN_STRICT_PROTOTYPES = YES;
				CLANG_WARN_SUSPICIOUS_MOVE = YES;
				CLANG_WARN_UNGUARDED_AVAILABILITY = YES_AGGRESSIVE;
				CLANG_WARN_UNREACHABLE_CODE = YES;
				CLANG_WARN__DUPLICATE_METHOD_MATCH = YES;
				COPY_PHASE_STRIP = NO;
				DEBUG_INFORMATION_FORMAT = "dwarf-with-dsym";
				ENABLE_NS_ASSERTIONS = NO;
				ENABLE_STRICT_OBJC_MSGSEND = YES;
				ENABLE_USER_SCRIPT_SANDBOXING = YES;
				GCC_C_LANGUAGE_STANDARD = gnu17;
				GCC_NO_COMMON_BLOCKS = YES;
				GCC_WARN_64_TO_32_BIT_CONVERSION = YES;
				GCC_WARN_ABOUT_RETURN_TYPE = YES_ERROR;
				GCC_WARN_UNDECLARED_SELECTOR = YES;
				GCC_WARN_UNINITIALIZED_AUTOS = YES_AGGRESSIVE;
				GCC_WARN_UNUSED_FUNCTION = YES;
				GCC_WARN_UNUSED_VARIABLE = YES;
				LOCALIZATION_PREFERS_STRING_CATALOGS = YES;
				MTL_ENABLE_DEBUG_INFO = NO;
				MTL_FAST_MATH = YES;
				SWIFT_COMPILATION_MODE = wholemodule;
			};
			name = Release;
		};
		27EF3AD12C02749C00DFCC7C /* Debug */ = {
			isa = XCBuildConfiguration;
			buildSettings = {
				ASSETCATALOG_COMPILER_APPICON_NAME = AppIcon;
				ASSETCATALOG_COMPILER_GLOBAL_ACCENT_COLOR_NAME = AccentColor;
				CODE_SIGN_ENTITLEMENTS = UsersList/UsersList.entitlements;
				CODE_SIGN_STYLE = Automatic;
				CURRENT_PROJECT_VERSION = 1;
				DEVELOPMENT_ASSET_PATHS = "\"UsersList/Preview Content\"";
				DEVELOPMENT_TEAM = 8S58D25632;
				ENABLE_HARDENED_RUNTIME = YES;
				ENABLE_PREVIEWS = YES;
				GENERATE_INFOPLIST_FILE = YES;
				"INFOPLIST_KEY_UIApplicationSceneManifest_Generation[sdk=iphoneos*]" = YES;
				"INFOPLIST_KEY_UIApplicationSceneManifest_Generation[sdk=iphonesimulator*]" = YES;
				"INFOPLIST_KEY_UIApplicationSupportsIndirectInputEvents[sdk=iphoneos*]" = YES;
				"INFOPLIST_KEY_UIApplicationSupportsIndirectInputEvents[sdk=iphonesimulator*]" = YES;
				"INFOPLIST_KEY_UILaunchScreen_Generation[sdk=iphoneos*]" = YES;
				"INFOPLIST_KEY_UILaunchScreen_Generation[sdk=iphonesimulator*]" = YES;
				"INFOPLIST_KEY_UIStatusBarStyle[sdk=iphoneos*]" = UIStatusBarStyleDefault;
				"INFOPLIST_KEY_UIStatusBarStyle[sdk=iphonesimulator*]" = UIStatusBarStyleDefault;
				INFOPLIST_KEY_UISupportedInterfaceOrientations_iPad = "UIInterfaceOrientationPortrait UIInterfaceOrientationPortraitUpsideDown UIInterfaceOrientationLandscapeLeft UIInterfaceOrientationLandscapeRight";
				INFOPLIST_KEY_UISupportedInterfaceOrientations_iPhone = "UIInterfaceOrientationPortrait UIInterfaceOrientationLandscapeLeft UIInterfaceOrientationLandscapeRight";
				IPHONEOS_DEPLOYMENT_TARGET = 17.2;
				LD_RUNPATH_SEARCH_PATHS = "@executable_path/Frameworks";
				"LD_RUNPATH_SEARCH_PATHS[sdk=macosx*]" = "@executable_path/../Frameworks";
				MACOSX_DEPLOYMENT_TARGET = 14.2;
				MARKETING_VERSION = 1.0;
				PRODUCT_BUNDLE_IDENTIFIER = users.list.com.UsersList;
				PRODUCT_NAME = "$(TARGET_NAME)";
				SDKROOT = auto;
				SUPPORTED_PLATFORMS = "iphoneos iphonesimulator macosx";
				SWIFT_EMIT_LOC_STRINGS = YES;
				SWIFT_VERSION = 5.0;
				TARGETED_DEVICE_FAMILY = "1,2";
			};
			name = Debug;
		};
		27EF3AD22C02749C00DFCC7C /* Release */ = {
			isa = XCBuildConfiguration;
			buildSettings = {
				ASSETCATALOG_COMPILER_APPICON_NAME = AppIcon;
				ASSETCATALOG_COMPILER_GLOBAL_ACCENT_COLOR_NAME = AccentColor;
				CODE_SIGN_ENTITLEMENTS = UsersList/UsersList.entitlements;
				CODE_SIGN_STYLE = Automatic;
				CURRENT_PROJECT_VERSION = 1;
				DEVELOPMENT_ASSET_PATHS = "\"UsersList/Preview Content\"";
				DEVELOPMENT_TEAM = 8S58D25632;
				ENABLE_HARDENED_RUNTIME = YES;
				ENABLE_PREVIEWS = YES;
				GENERATE_INFOPLIST_FILE = YES;
				"INFOPLIST_KEY_UIApplicationSceneManifest_Generation[sdk=iphoneos*]" = YES;
				"INFOPLIST_KEY_UIApplicationSceneManifest_Generation[sdk=iphonesimulator*]" = YES;
				"INFOPLIST_KEY_UIApplicationSupportsIndirectInputEvents[sdk=iphoneos*]" = YES;
				"INFOPLIST_KEY_UIApplicationSupportsIndirectInputEvents[sdk=iphonesimulator*]" = YES;
				"INFOPLIST_KEY_UILaunchScreen_Generation[sdk=iphoneos*]" = YES;
				"INFOPLIST_KEY_UILaunchScreen_Generation[sdk=iphonesimulator*]" = YES;
				"INFOPLIST_KEY_UIStatusBarStyle[sdk=iphoneos*]" = UIStatusBarStyleDefault;
				"INFOPLIST_KEY_UIStatusBarStyle[sdk=iphonesimulator*]" = UIStatusBarStyleDefault;
				INFOPLIST_KEY_UISupportedInterfaceOrientations_iPad = "UIInterfaceOrientationPortrait UIInterfaceOrientationPortraitUpsideDown UIInterfaceOrientationLandscapeLeft UIInterfaceOrientationLandscapeRight";
				INFOPLIST_KEY_UISupportedInterfaceOrientations_iPhone = "UIInterfaceOrientationPortrait UIInterfaceOrientationLandscapeLeft UIInterfaceOrientationLandscapeRight";
				IPHONEOS_DEPLOYMENT_TARGET = 17.2;
				LD_RUNPATH_SEARCH_PATHS = "@executable_path/Frameworks";
				"LD_RUNPATH_SEARCH_PATHS[sdk=macosx*]" = "@executable_path/../Frameworks";
				MACOSX_DEPLOYMENT_TARGET = 14.2;
				MARKETING_VERSION = 1.0;
				PRODUCT_BUNDLE_IDENTIFIER = users.list.com.UsersList;
				PRODUCT_NAME = "$(TARGET_NAME)";
				SDKROOT = auto;
				SUPPORTED_PLATFORMS = "iphoneos iphonesimulator macosx";
				SWIFT_EMIT_LOC_STRINGS = YES;
				SWIFT_VERSION = 5.0;
				TARGETED_DEVICE_FAMILY = "1,2";
			};
			name = Release;
		};
		27EF3AD42C02749C00DFCC7C /* Debug */ = {
			isa = XCBuildConfiguration;
			buildSettings = {
				ALWAYS_EMBED_SWIFT_STANDARD_LIBRARIES = YES;
				BUNDLE_LOADER = "$(TEST_HOST)";
				CODE_SIGN_STYLE = Automatic;
				CURRENT_PROJECT_VERSION = 1;
				DEVELOPMENT_TEAM = 8S58D25632;
				GENERATE_INFOPLIST_FILE = YES;
				IPHONEOS_DEPLOYMENT_TARGET = 17.2;
				MACOSX_DEPLOYMENT_TARGET = 14.2;
				MARKETING_VERSION = 1.0;
				PRODUCT_BUNDLE_IDENTIFIER = users.list.com.UsersListTests;
				PRODUCT_NAME = "$(TARGET_NAME)";
				SDKROOT = auto;
				SUPPORTED_PLATFORMS = "iphoneos iphonesimulator macosx";
				SWIFT_EMIT_LOC_STRINGS = NO;
				SWIFT_VERSION = 5.0;
				TARGETED_DEVICE_FAMILY = "1,2";
				TEST_HOST = "$(BUILT_PRODUCTS_DIR)/UsersList.app/$(BUNDLE_EXECUTABLE_FOLDER_PATH)/UsersList";
			};
			name = Debug;
		};
		27EF3AD52C02749C00DFCC7C /* Release */ = {
			isa = XCBuildConfiguration;
			buildSettings = {
				ALWAYS_EMBED_SWIFT_STANDARD_LIBRARIES = YES;
				BUNDLE_LOADER = "$(TEST_HOST)";
				CODE_SIGN_STYLE = Automatic;
				CURRENT_PROJECT_VERSION = 1;
				DEVELOPMENT_TEAM = 8S58D25632;
				GENERATE_INFOPLIST_FILE = YES;
				IPHONEOS_DEPLOYMENT_TARGET = 17.2;
				MACOSX_DEPLOYMENT_TARGET = 14.2;
				MARKETING_VERSION = 1.0;
				PRODUCT_BUNDLE_IDENTIFIER = users.list.com.UsersListTests;
				PRODUCT_NAME = "$(TARGET_NAME)";
				SDKROOT = auto;
				SUPPORTED_PLATFORMS = "iphoneos iphonesimulator macosx";
				SWIFT_EMIT_LOC_STRINGS = NO;
				SWIFT_VERSION = 5.0;
				TARGETED_DEVICE_FAMILY = "1,2";
				TEST_HOST = "$(BUILT_PRODUCTS_DIR)/UsersList.app/$(BUNDLE_EXECUTABLE_FOLDER_PATH)/UsersList";
			};
			name = Release;
		};
/* End XCBuildConfiguration section */

/* Begin XCConfigurationList section */
		27EF3AA62C02749A00DFCC7C /* Build configuration list for PBXProject "UsersList" */ = {
			isa = XCConfigurationList;
			buildConfigurations = (
				27EF3ACE2C02749C00DFCC7C /* Debug */,
				27EF3ACF2C02749C00DFCC7C /* Release */,
			);
			defaultConfigurationIsVisible = 0;
			defaultConfigurationName = Release;
		};
		27EF3AD02C02749C00DFCC7C /* Build configuration list for PBXNativeTarget "UsersList" */ = {
			isa = XCConfigurationList;
			buildConfigurations = (
				27EF3AD12C02749C00DFCC7C /* Debug */,
				27EF3AD22C02749C00DFCC7C /* Release */,
			);
			defaultConfigurationIsVisible = 0;
			defaultConfigurationName = Release;
		};
		27EF3AD32C02749C00DFCC7C /* Build configuration list for PBXNativeTarget "UsersListTests" */ = {
			isa = XCConfigurationList;
			buildConfigurations = (
				27EF3AD42C02749C00DFCC7C /* Debug */,
				27EF3AD52C02749C00DFCC7C /* Release */,
			);
			defaultConfigurationIsVisible = 0;
			defaultConfigurationName = Release;
		};
/* End XCConfigurationList section */
	};
	rootObject = 27EF3AA32C02749A00DFCC7C /* Project object */;
}
